
Microsoft Visual Studio Solution File, Format Version 12.00
# Visual Studio Version 16
VisualStudioVersion = 16.0.29806.167
MinimumVisualStudioVersion = 10.0.40219.1
Project("{FAE04EC0-301F-11D3-BF4B-00C04F79EFBC}") = "Lab01", "Lab01\Lab01.csproj", "{0FCA33E7-EDCA-4ABF-B6EA-95ED81121038}"
EndProject
Global
	GlobalSection(SolutionConfigurationPlatforms) = preSolution
		Debug|Any CPU = Debug|Any CPU
		Release|Any CPU = Release|Any CPU
	EndGlobalSection
	GlobalSection(ProjectConfigurationPlatforms) = postSolution
		{0FCA33E7-EDCA-4ABF-B6EA-95ED81121038}.Debug|Any CPU.ActiveCfg = Debug|Any CPU
		{0FCA33E7-EDCA-4ABF-B6EA-95ED81121038}.Debug|Any CPU.Build.0 = Debug|Any CPU
		{0FCA33E7-EDCA-4ABF-B6EA-95ED81121038}.Release|Any CPU.ActiveCfg = Release|Any CPU
		{0FCA33E7-EDCA-4ABF-B6EA-95ED81121038}.Release|Any CPU.Build.0 = Release|Any CPU
	EndGlobalSection
	GlobalSection(SolutionProperties) = preSolution
		HideSolutionNode = FALSE
	EndGlobalSection
	GlobalSection(ExtensibilityGlobals) = postSolution
		SolutionGuid = {8D4324E9-0386-4C1A-BA0A-81BEDCE014E7}
	EndGlobalSection
EndGlobal
