
Microsoft Visual Studio Solution File, Format Version 12.00
# Visual Studio Version 16
VisualStudioVersion = 16.0.29806.167
MinimumVisualStudioVersion = 10.0.40219.1
Project("{FAE04EC0-301F-11D3-BF4B-00C04F79EFBC}") = "UI.Desktop", "UI.Desktop\UI.Desktop.csproj", "{4A3006B8-EAF5-4AEF-AE41-ABB181D35E22}"
EndProject
Project("{FAE04EC0-301F-11D3-BF4B-00C04F79EFBC}") = "Business.Logic", "Business.Logic\Business.Logic.csproj", "{BB5FE04F-3F0B-4A25-BE33-39DD0AE5A10F}"
EndProject
Project("{FAE04EC0-301F-11D3-BF4B-00C04F79EFBC}") = "Util", "Util\Util.csproj", "{94BB7FC8-73FC-4EFD-BAE5-DAC0E1160126}"
EndProject
Project("{FAE04EC0-301F-11D3-BF4B-00C04F79EFBC}") = "Business.Entities", "Business.Entities\Business.Entities.csproj", "{6CF6C121-8B5C-41DD-A0D2-053C53047BEF}"
EndProject
Project("{FAE04EC0-301F-11D3-BF4B-00C04F79EFBC}") = "UI.Web", "UI.Web\UI.Web.csproj", "{87404C59-A294-4DC6-8EE2-FAE66EAA65CA}"
EndProject
Global
	GlobalSection(SolutionConfigurationPlatforms) = preSolution
		Debug|Any CPU = Debug|Any CPU
		Release|Any CPU = Release|Any CPU
	EndGlobalSection
	GlobalSection(ProjectConfigurationPlatforms) = postSolution
		{4A3006B8-EAF5-4AEF-AE41-ABB181D35E22}.Debug|Any CPU.ActiveCfg = Debug|Any CPU
		{4A3006B8-EAF5-4AEF-AE41-ABB181D35E22}.Debug|Any CPU.Build.0 = Debug|Any CPU
		{4A3006B8-EAF5-4AEF-AE41-ABB181D35E22}.Release|Any CPU.ActiveCfg = Release|Any CPU
		{4A3006B8-EAF5-4AEF-AE41-ABB181D35E22}.Release|Any CPU.Build.0 = Release|Any CPU
		{BB5FE04F-3F0B-4A25-BE33-39DD0AE5A10F}.Debug|Any CPU.ActiveCfg = Debug|Any CPU
		{BB5FE04F-3F0B-4A25-BE33-39DD0AE5A10F}.Debug|Any CPU.Build.0 = Debug|Any CPU
		{BB5FE04F-3F0B-4A25-BE33-39DD0AE5A10F}.Release|Any CPU.ActiveCfg = Release|Any CPU
		{BB5FE04F-3F0B-4A25-BE33-39DD0AE5A10F}.Release|Any CPU.Build.0 = Release|Any CPU
		{94BB7FC8-73FC-4EFD-BAE5-DAC0E1160126}.Debug|Any CPU.ActiveCfg = Debug|Any CPU
		{94BB7FC8-73FC-4EFD-BAE5-DAC0E1160126}.Debug|Any CPU.Build.0 = Debug|Any CPU
		{94BB7FC8-73FC-4EFD-BAE5-DAC0E1160126}.Release|Any CPU.ActiveCfg = Release|Any CPU
		{94BB7FC8-73FC-4EFD-BAE5-DAC0E1160126}.Release|Any CPU.Build.0 = Release|Any CPU
		{6CF6C121-8B5C-41DD-A0D2-053C53047BEF}.Debug|Any CPU.ActiveCfg = Debug|Any CPU
		{6CF6C121-8B5C-41DD-A0D2-053C53047BEF}.Debug|Any CPU.Build.0 = Debug|Any CPU
		{6CF6C121-8B5C-41DD-A0D2-053C53047BEF}.Release|Any CPU.ActiveCfg = Release|Any CPU
		{6CF6C121-8B5C-41DD-A0D2-053C53047BEF}.Release|Any CPU.Build.0 = Release|Any CPU
		{87404C59-A294-4DC6-8EE2-FAE66EAA65CA}.Debug|Any CPU.ActiveCfg = Debug|Any CPU
		{87404C59-A294-4DC6-8EE2-FAE66EAA65CA}.Debug|Any CPU.Build.0 = Debug|Any CPU
		{87404C59-A294-4DC6-8EE2-FAE66EAA65CA}.Release|Any CPU.ActiveCfg = Release|Any CPU
		{87404C59-A294-4DC6-8EE2-FAE66EAA65CA}.Release|Any CPU.Build.0 = Release|Any CPU
	EndGlobalSection
	GlobalSection(SolutionProperties) = preSolution
		HideSolutionNode = FALSE
	EndGlobalSection
	GlobalSection(ExtensibilityGlobals) = postSolution
		SolutionGuid = {1CDA5B24-137C-4D97-97B0-0F6BDAFCF355}
	EndGlobalSection
EndGlobal
